
Microsoft Visual Studio Solution File, Format Version 12.00
# Visual Studio Version 17
VisualStudioVersion = 17.1.32210.238
MinimumVisualStudioVersion = 10.0.40219.1
Project("{2150E333-8FDC-42A3-9474-1A3956D46DE8}") = "src", "src", "{CFFB1EB9-6447-4C20-8400-27D7E2B04508}"
EndProject
Project("{2150E333-8FDC-42A3-9474-1A3956D46DE8}") = "corePackages", "corePackages", "{01B7F227-CE8F-41FD-9AF8-6AF5E5259161}"
EndProject
Project("{9A19103F-16F7-4668-BE54-9A1E7A4F7556}") = "Core.Application", "src\corePackages\Core.Application\Core.Application.csproj", "{CD9A8AA1-5CAB-4218-91C5-2550BB86354A}"
EndProject
Project("{9A19103F-16F7-4668-BE54-9A1E7A4F7556}") = "Core.CrossCuttingConcerns", "src\corePackages\Core.CrossCuttingConcers\Core.CrossCuttingConcerns.csproj", "{A6D04B11-0C09-4361-B044-B743F61D9E06}"
EndProject
Project("{9A19103F-16F7-4668-BE54-9A1E7A4F7556}") = "Core.ElasticSearch", "src\corePackages\Core.ElasticSearch\Core.ElasticSearch.csproj", "{EAE0F331-1D99-42F6-9926-34C3EAD78BBF}"
EndProject
Project("{9A19103F-16F7-4668-BE54-9A1E7A4F7556}") = "Core.Mailing", "src\corePackages\Core.Mailing\Core.Mailing.csproj", "{4EA615C5-8C04-4EA1-91DA-C86DA54D2E63}"
EndProject
Project("{9A19103F-16F7-4668-BE54-9A1E7A4F7556}") = "Core.Persistence", "src\corePackages\Core.Persistence\Core.Persistence.csproj", "{54635492-7F95-449B-8C5B-493566F68D4A}"
EndProject
Project("{9A19103F-16F7-4668-BE54-9A1E7A4F7556}") = "Core.Security", "src\corePackages\Core.Security\Core.Security.csproj", "{00AA7CFA-B348-4303-B3D0-40750DA10B94}"
EndProject
Project("{2150E333-8FDC-42A3-9474-1A3956D46DE8}") = "ProgrammingLanguages", "ProgrammingLanguages", "{05908E61-9389-4AF9-81AE-ECA9A10BC3F0}"
EndProject
Project("{FAE04EC0-301F-11D3-BF4B-00C04F79EFBC}") = "Application", "Application\Application.csproj", "{3E605CE2-A22B-45CE-9000-D004AC1DEE4B}"
EndProject
Project("{FAE04EC0-301F-11D3-BF4B-00C04F79EFBC}") = "Domain", "Domain\Domain.csproj", "{F8B8FD79-10DE-4E7B-8710-261E10319659}"
EndProject
Project("{FAE04EC0-301F-11D3-BF4B-00C04F79EFBC}") = "Infrastructure", "Infrastructure\Infrastructure.csproj", "{953A18AC-C523-44FE-9395-3860EF1B0288}"
EndProject
Project("{FAE04EC0-301F-11D3-BF4B-00C04F79EFBC}") = "Persistence", "Persistence\Persistence.csproj", "{7FB75F4C-977E-4A22-911B-22377606750D}"
EndProject
Project("{FAE04EC0-301F-11D3-BF4B-00C04F79EFBC}") = "WebAPI", "WebAPI\WebAPI.csproj", "{2A75F020-1C63-4E9B-A98F-0CE3D77E3154}"
EndProject
Global
	GlobalSection(SolutionConfigurationPlatforms) = preSolution
		Debug|Any CPU = Debug|Any CPU
		Release|Any CPU = Release|Any CPU
	EndGlobalSection
	GlobalSection(ProjectConfigurationPlatforms) = postSolution
		{CD9A8AA1-5CAB-4218-91C5-2550BB86354A}.Debug|Any CPU.ActiveCfg = Debug|Any CPU
		{CD9A8AA1-5CAB-4218-91C5-2550BB86354A}.Debug|Any CPU.Build.0 = Debug|Any CPU
		{CD9A8AA1-5CAB-4218-91C5-2550BB86354A}.Release|Any CPU.ActiveCfg = Release|Any CPU
		{CD9A8AA1-5CAB-4218-91C5-2550BB86354A}.Release|Any CPU.Build.0 = Release|Any CPU
		{A6D04B11-0C09-4361-B044-B743F61D9E06}.Debug|Any CPU.ActiveCfg = Debug|Any CPU
		{A6D04B11-0C09-4361-B044-B743F61D9E06}.Debug|Any CPU.Build.0 = Debug|Any CPU
		{A6D04B11-0C09-4361-B044-B743F61D9E06}.Release|Any CPU.ActiveCfg = Release|Any CPU
		{A6D04B11-0C09-4361-B044-B743F61D9E06}.Release|Any CPU.Build.0 = Release|Any CPU
		{EAE0F331-1D99-42F6-9926-34C3EAD78BBF}.Debug|Any CPU.ActiveCfg = Debug|Any CPU
		{EAE0F331-1D99-42F6-9926-34C3EAD78BBF}.Debug|Any CPU.Build.0 = Debug|Any CPU
		{EAE0F331-1D99-42F6-9926-34C3EAD78BBF}.Release|Any CPU.ActiveCfg = Release|Any CPU
		{EAE0F331-1D99-42F6-9926-34C3EAD78BBF}.Release|Any CPU.Build.0 = Release|Any CPU
		{4EA615C5-8C04-4EA1-91DA-C86DA54D2E63}.Debug|Any CPU.ActiveCfg = Debug|Any CPU
		{4EA615C5-8C04-4EA1-91DA-C86DA54D2E63}.Debug|Any CPU.Build.0 = Debug|Any CPU
		{4EA615C5-8C04-4EA1-91DA-C86DA54D2E63}.Release|Any CPU.ActiveCfg = Release|Any CPU
		{4EA615C5-8C04-4EA1-91DA-C86DA54D2E63}.Release|Any CPU.Build.0 = Release|Any CPU
		{54635492-7F95-449B-8C5B-493566F68D4A}.Debug|Any CPU.ActiveCfg = Debug|Any CPU
		{54635492-7F95-449B-8C5B-493566F68D4A}.Debug|Any CPU.Build.0 = Debug|Any CPU
		{54635492-7F95-449B-8C5B-493566F68D4A}.Release|Any CPU.ActiveCfg = Release|Any CPU
		{54635492-7F95-449B-8C5B-493566F68D4A}.Release|Any CPU.Build.0 = Release|Any CPU
		{00AA7CFA-B348-4303-B3D0-40750DA10B94}.Debug|Any CPU.ActiveCfg = Debug|Any CPU
		{00AA7CFA-B348-4303-B3D0-40750DA10B94}.Debug|Any CPU.Build.0 = Debug|Any CPU
		{00AA7CFA-B348-4303-B3D0-40750DA10B94}.Release|Any CPU.ActiveCfg = Release|Any CPU
		{00AA7CFA-B348-4303-B3D0-40750DA10B94}.Release|Any CPU.Build.0 = Release|Any CPU
		{3E605CE2-A22B-45CE-9000-D004AC1DEE4B}.Debug|Any CPU.ActiveCfg = Debug|Any CPU
		{3E605CE2-A22B-45CE-9000-D004AC1DEE4B}.Debug|Any CPU.Build.0 = Debug|Any CPU
		{3E605CE2-A22B-45CE-9000-D004AC1DEE4B}.Release|Any CPU.ActiveCfg = Release|Any CPU
		{3E605CE2-A22B-45CE-9000-D004AC1DEE4B}.Release|Any CPU.Build.0 = Release|Any CPU
		{F8B8FD79-10DE-4E7B-8710-261E10319659}.Debug|Any CPU.ActiveCfg = Debug|Any CPU
		{F8B8FD79-10DE-4E7B-8710-261E10319659}.Debug|Any CPU.Build.0 = Debug|Any CPU
		{F8B8FD79-10DE-4E7B-8710-261E10319659}.Release|Any CPU.ActiveCfg = Release|Any CPU
		{F8B8FD79-10DE-4E7B-8710-261E10319659}.Release|Any CPU.Build.0 = Release|Any CPU
		{953A18AC-C523-44FE-9395-3860EF1B0288}.Debug|Any CPU.ActiveCfg = Debug|Any CPU
		{953A18AC-C523-44FE-9395-3860EF1B0288}.Debug|Any CPU.Build.0 = Debug|Any CPU
		{953A18AC-C523-44FE-9395-3860EF1B0288}.Release|Any CPU.ActiveCfg = Release|Any CPU
		{953A18AC-C523-44FE-9395-3860EF1B0288}.Release|Any CPU.Build.0 = Release|Any CPU
		{7FB75F4C-977E-4A22-911B-22377606750D}.Debug|Any CPU.ActiveCfg = Debug|Any CPU
		{7FB75F4C-977E-4A22-911B-22377606750D}.Debug|Any CPU.Build.0 = Debug|Any CPU
		{7FB75F4C-977E-4A22-911B-22377606750D}.Release|Any CPU.ActiveCfg = Release|Any CPU
		{7FB75F4C-977E-4A22-911B-22377606750D}.Release|Any CPU.Build.0 = Release|Any CPU
		{2A75F020-1C63-4E9B-A98F-0CE3D77E3154}.Debug|Any CPU.ActiveCfg = Debug|Any CPU
		{2A75F020-1C63-4E9B-A98F-0CE3D77E3154}.Debug|Any CPU.Build.0 = Debug|Any CPU
		{2A75F020-1C63-4E9B-A98F-0CE3D77E3154}.Release|Any CPU.ActiveCfg = Release|Any CPU
		{2A75F020-1C63-4E9B-A98F-0CE3D77E3154}.Release|Any CPU.Build.0 = Release|Any CPU
	EndGlobalSection
	GlobalSection(SolutionProperties) = preSolution
		HideSolutionNode = FALSE
	EndGlobalSection
	GlobalSection(NestedProjects) = preSolution
		{01B7F227-CE8F-41FD-9AF8-6AF5E5259161} = {CFFB1EB9-6447-4C20-8400-27D7E2B04508}
		{CD9A8AA1-5CAB-4218-91C5-2550BB86354A} = {01B7F227-CE8F-41FD-9AF8-6AF5E5259161}
		{A6D04B11-0C09-4361-B044-B743F61D9E06} = {01B7F227-CE8F-41FD-9AF8-6AF5E5259161}
		{EAE0F331-1D99-42F6-9926-34C3EAD78BBF} = {01B7F227-CE8F-41FD-9AF8-6AF5E5259161}
		{4EA615C5-8C04-4EA1-91DA-C86DA54D2E63} = {01B7F227-CE8F-41FD-9AF8-6AF5E5259161}
		{54635492-7F95-449B-8C5B-493566F68D4A} = {01B7F227-CE8F-41FD-9AF8-6AF5E5259161}
		{00AA7CFA-B348-4303-B3D0-40750DA10B94} = {01B7F227-CE8F-41FD-9AF8-6AF5E5259161}
		{05908E61-9389-4AF9-81AE-ECA9A10BC3F0} = {CFFB1EB9-6447-4C20-8400-27D7E2B04508}
		{3E605CE2-A22B-45CE-9000-D004AC1DEE4B} = {05908E61-9389-4AF9-81AE-ECA9A10BC3F0}
		{F8B8FD79-10DE-4E7B-8710-261E10319659} = {05908E61-9389-4AF9-81AE-ECA9A10BC3F0}
		{953A18AC-C523-44FE-9395-3860EF1B0288} = {05908E61-9389-4AF9-81AE-ECA9A10BC3F0}
		{7FB75F4C-977E-4A22-911B-22377606750D} = {05908E61-9389-4AF9-81AE-ECA9A10BC3F0}
		{2A75F020-1C63-4E9B-A98F-0CE3D77E3154} = {05908E61-9389-4AF9-81AE-ECA9A10BC3F0}
	EndGlobalSection
	GlobalSection(ExtensibilityGlobals) = postSolution
		SolutionGuid = {C127633B-AB1B-43AE-A516-DCF06F13F757}
	EndGlobalSection
EndGlobal
